
Microsoft Visual Studio Solution File, Format Version 12.00
# Visual Studio Version 17
VisualStudioVersion = 17.10.34928.147
MinimumVisualStudioVersion = 10.0.40219.1
Project("{8BC9CEB8-8B4A-11D0-8D11-00A0C91BC942}") = "码蹄杯竞赛", "码蹄杯竞赛.vcxproj", "{8D881AE3-CA13-43A3-83D7-816CF5BD0DEB}"
EndProject
Global
	GlobalSection(SolutionConfigurationPlatforms) = preSolution
		Debug|x64 = Debug|x64
		Debug|x86 = Debug|x86
		Release|x64 = Release|x64
		Release|x86 = Release|x86
	EndGlobalSection
	GlobalSection(ProjectConfigurationPlatforms) = postSolution
		{8D881AE3-CA13-43A3-83D7-816CF5BD0DEB}.Debug|x64.ActiveCfg = Debug|x64
		{8D881AE3-CA13-43A3-83D7-816CF5BD0DEB}.Debug|x64.Build.0 = Debug|x64
		{8D881AE3-CA13-43A3-83D7-816CF5BD0DEB}.Debug|x86.ActiveCfg = Debug|Win32
		{8D881AE3-CA13-43A3-83D7-816CF5BD0DEB}.Debug|x86.Build.0 = Debug|Win32
		{8D881AE3-CA13-43A3-83D7-816CF5BD0DEB}.Release|x64.ActiveCfg = Release|x64
		{8D881AE3-CA13-43A3-83D7-816CF5BD0DEB}.Release|x64.Build.0 = Release|x64
		{8D881AE3-CA13-43A3-83D7-816CF5BD0DEB}.Release|x86.ActiveCfg = Release|Win32
		{8D881AE3-CA13-43A3-83D7-816CF5BD0DEB}.Release|x86.Build.0 = Release|Win32
	EndGlobalSection
	GlobalSection(SolutionProperties) = preSolution
		HideSolutionNode = FALSE
	EndGlobalSection
	GlobalSection(ExtensibilityGlobals) = postSolution
		SolutionGuid = {72398FBD-09F8-446F-BD5B-76BB30E7EA07}
	EndGlobalSection
EndGlobal
